// !$*UTF8*$!
{
	archiveVersion = 1;
	classes = {
	};
	objectVersion = 46;
	objects = {

/* Begin PBXBuildFile section */
		57625EF51A9495B300D88DEE /* RPLSectionTableViewCell.m in Sources */ = {isa = PBXBuildFile; fileRef = 57625EF31A9495B300D88DEE /* RPLSectionTableViewCell.m */; };
		57625EF61A9495B300D88DEE /* RPLSectionTableViewCell.xib in Resources */ = {isa = PBXBuildFile; fileRef = 57625EF41A9495B300D88DEE /* RPLSectionTableViewCell.xib */; };
		579A01A81A95EF5100675D8B /* RPLShoppingCartTableViewCell.m in Sources */ = {isa = PBXBuildFile; fileRef = 579A01A61A95EF5100675D8B /* RPLShoppingCartTableViewCell.m */; };
		579A01A91A95EF5100675D8B /* RPLShoppingCartTableViewCell.xib in Resources */ = {isa = PBXBuildFile; fileRef = 579A01A71A95EF5100675D8B /* RPLShoppingCartTableViewCell.xib */; };
		57CF9D781A920883002BA5D6 /* main.m in Sources */ = {isa = PBXBuildFile; fileRef = 57CF9D771A920883002BA5D6 /* main.m */; };
		57CF9D7B1A920883002BA5D6 /* AppDelegate.m in Sources */ = {isa = PBXBuildFile; fileRef = 57CF9D7A1A920883002BA5D6 /* AppDelegate.m */; };
		57CF9D7D1A920883002BA5D6 /* Images.xcassets in Resources */ = {isa = PBXBuildFile; fileRef = 57CF9D7C1A920883002BA5D6 /* Images.xcassets */; };
		57CF9D801A920883002BA5D6 /* LaunchScreen.xib in Resources */ = {isa = PBXBuildFile; fileRef = 57CF9D7E1A920883002BA5D6 /* LaunchScreen.xib */; };
		57CF9D8C1A920883002BA5D6 /* StockProTests.m in Sources */ = {isa = PBXBuildFile; fileRef = 57CF9D8B1A920883002BA5D6 /* StockProTests.m */; };
		57CF9D981A9208FA002BA5D6 /* RPLSectionTableViewController.m in Sources */ = {isa = PBXBuildFile; fileRef = 57CF9D961A9208FA002BA5D6 /* RPLSectionTableViewController.m */; };
		57CF9D991A9208FA002BA5D6 /* RPLSectionTableViewController.xib in Resources */ = {isa = PBXBuildFile; fileRef = 57CF9D971A9208FA002BA5D6 /* RPLSectionTableViewController.xib */; };
		57CF9D9E1A920948002BA5D6 /* RPLElementosSeccionTableViewController.m in Sources */ = {isa = PBXBuildFile; fileRef = 57CF9D9C1A920948002BA5D6 /* RPLElementosSeccionTableViewController.m */; };
		57CF9D9F1A920948002BA5D6 /* RPLElementosSeccionTableViewController.xib in Resources */ = {isa = PBXBuildFile; fileRef = 57CF9D9D1A920948002BA5D6 /* RPLElementosSeccionTableViewController.xib */; };
		57CF9DA41A9213BC002BA5D6 /* Model.xcdatamodeld in Sources */ = {isa = PBXBuildFile; fileRef = 57CF9DA21A9213BC002BA5D6 /* Model.xcdatamodeld */; };
		57CF9DAC1A921A01002BA5D6 /* RPLPayTableViewController.m in Sources */ = {isa = PBXBuildFile; fileRef = 57CF9DAA1A921A01002BA5D6 /* RPLPayTableViewController.m */; };
		57CF9DAD1A921A01002BA5D6 /* RPLPayTableViewController.xib in Resources */ = {isa = PBXBuildFile; fileRef = 57CF9DAB1A921A01002BA5D6 /* RPLPayTableViewController.xib */; };
		57DBC26C1A926397000B7014 /* _RPLElements.m in Sources */ = {isa = PBXBuildFile; fileRef = 57DBC2611A926397000B7014 /* _RPLElements.m */; };
		57DBC26D1A926397000B7014 /* _RPLSections.m in Sources */ = {isa = PBXBuildFile; fileRef = 57DBC2631A926397000B7014 /* _RPLSections.m */; };
		57DBC26E1A926397000B7014 /* _RPLShoppingCart.m in Sources */ = {isa = PBXBuildFile; fileRef = 57DBC2651A926397000B7014 /* _RPLShoppingCart.m */; };
		57DBC26F1A926397000B7014 /* RPLElements.m in Sources */ = {isa = PBXBuildFile; fileRef = 57DBC2671A926397000B7014 /* RPLElements.m */; };
		57DBC2701A926397000B7014 /* RPLSections.m in Sources */ = {isa = PBXBuildFile; fileRef = 57DBC2691A926397000B7014 /* RPLSections.m */; };
		57DBC2711A926397000B7014 /* RPLShoppingCart.m in Sources */ = {isa = PBXBuildFile; fileRef = 57DBC26B1A926397000B7014 /* RPLShoppingCart.m */; };
		57EAB7871A9343D200EE74D3 /* RPLCoreDataStack.m in Sources */ = {isa = PBXBuildFile; fileRef = 57EAB7861A9343D200EE74D3 /* RPLCoreDataStack.m */; };
		57EAB78E1A93688B00EE74D3 /* RPLCoreDataTableViewController.m in Sources */ = {isa = PBXBuildFile; fileRef = 57EAB78D1A93688B00EE74D3 /* RPLCoreDataTableViewController.m */; };
		57EAB7921A9378C500EE74D3 /* RPLElementTableViewCell.m in Sources */ = {isa = PBXBuildFile; fileRef = 57EAB7901A9378C500EE74D3 /* RPLElementTableViewCell.m */; };
		57EAB7931A9378C500EE74D3 /* RPLElementTableViewCell.xib in Resources */ = {isa = PBXBuildFile; fileRef = 57EAB7911A9378C500EE74D3 /* RPLElementTableViewCell.xib */; };
/* End PBXBuildFile section */

/* Begin PBXContainerItemProxy section */
		57CF9D861A920883002BA5D6 /* PBXContainerItemProxy */ = {
			isa = PBXContainerItemProxy;
			containerPortal = 57CF9D6A1A920883002BA5D6 /* Project object */;
			proxyType = 1;
			remoteGlobalIDString = 57CF9D711A920883002BA5D6;
			remoteInfo = StockPro;
		};
/* End PBXContainerItemProxy section */

/* Begin PBXFileReference section */
		57625EF21A9495B300D88DEE /* RPLSectionTableViewCell.h */ = {isa = PBXFileReference; fileEncoding = 4; lastKnownFileType = sourcecode.c.h; path = RPLSectionTableViewCell.h; sourceTree = "<group>"; };
		57625EF31A9495B300D88DEE /* RPLSectionTableViewCell.m */ = {isa = PBXFileReference; fileEncoding = 4; lastKnownFileType = sourcecode.c.objc; path = RPLSectionTableViewCell.m; sourceTree = "<group>"; };
		57625EF41A9495B300D88DEE /* RPLSectionTableViewCell.xib */ = {isa = PBXFileReference; fileEncoding = 4; lastKnownFileType = file.xib; path = RPLSectionTableViewCell.xib; sourceTree = "<group>"; };
		579A01A51A95EF5100675D8B /* RPLShoppingCartTableViewCell.h */ = {isa = PBXFileReference; fileEncoding = 4; lastKnownFileType = sourcecode.c.h; path = RPLShoppingCartTableViewCell.h; sourceTree = "<group>"; };
		579A01A61A95EF5100675D8B /* RPLShoppingCartTableViewCell.m */ = {isa = PBXFileReference; fileEncoding = 4; lastKnownFileType = sourcecode.c.objc; path = RPLShoppingCartTableViewCell.m; sourceTree = "<group>"; };
		579A01A71A95EF5100675D8B /* RPLShoppingCartTableViewCell.xib */ = {isa = PBXFileReference; fileEncoding = 4; lastKnownFileType = file.xib; path = RPLShoppingCartTableViewCell.xib; sourceTree = "<group>"; };
		57CF9D721A920883002BA5D6 /* StockPro.app */ = {isa = PBXFileReference; explicitFileType = wrapper.application; includeInIndex = 0; path = StockPro.app; sourceTree = BUILT_PRODUCTS_DIR; };
		57CF9D761A920883002BA5D6 /* Info.plist */ = {isa = PBXFileReference; lastKnownFileType = text.plist.xml; path = Info.plist; sourceTree = "<group>"; };
		57CF9D771A920883002BA5D6 /* main.m */ = {isa = PBXFileReference; lastKnownFileType = sourcecode.c.objc; path = main.m; sourceTree = "<group>"; };
		57CF9D791A920883002BA5D6 /* AppDelegate.h */ = {isa = PBXFileReference; lastKnownFileType = sourcecode.c.h; path = AppDelegate.h; sourceTree = "<group>"; };
		57CF9D7A1A920883002BA5D6 /* AppDelegate.m */ = {isa = PBXFileReference; lastKnownFileType = sourcecode.c.objc; path = AppDelegate.m; sourceTree = "<group>"; };
		57CF9D7C1A920883002BA5D6 /* Images.xcassets */ = {isa = PBXFileReference; lastKnownFileType = folder.assetcatalog; path = Images.xcassets; sourceTree = "<group>"; };
		57CF9D7F1A920883002BA5D6 /* Base */ = {isa = PBXFileReference; lastKnownFileType = file.xib; name = Base; path = Base.lproj/LaunchScreen.xib; sourceTree = "<group>"; };
		57CF9D851A920883002BA5D6 /* StockProTests.xctest */ = {isa = PBXFileReference; explicitFileType = wrapper.cfbundle; includeInIndex = 0; path = StockProTests.xctest; sourceTree = BUILT_PRODUCTS_DIR; };
		57CF9D8A1A920883002BA5D6 /* Info.plist */ = {isa = PBXFileReference; lastKnownFileType = text.plist.xml; path = Info.plist; sourceTree = "<group>"; };
		57CF9D8B1A920883002BA5D6 /* StockProTests.m */ = {isa = PBXFileReference; lastKnownFileType = sourcecode.c.objc; path = StockProTests.m; sourceTree = "<group>"; };
		57CF9D951A9208FA002BA5D6 /* RPLSectionTableViewController.h */ = {isa = PBXFileReference; fileEncoding = 4; lastKnownFileType = sourcecode.c.h; path = RPLSectionTableViewController.h; sourceTree = "<group>"; };
		57CF9D961A9208FA002BA5D6 /* RPLSectionTableViewController.m */ = {isa = PBXFileReference; fileEncoding = 4; lastKnownFileType = sourcecode.c.objc; path = RPLSectionTableViewController.m; sourceTree = "<group>"; };
		57CF9D971A9208FA002BA5D6 /* RPLSectionTableViewController.xib */ = {isa = PBXFileReference; fileEncoding = 4; lastKnownFileType = file.xib; path = RPLSectionTableViewController.xib; sourceTree = "<group>"; };
		57CF9D9B1A920948002BA5D6 /* RPLElementosSeccionTableViewController.h */ = {isa = PBXFileReference; fileEncoding = 4; lastKnownFileType = sourcecode.c.h; path = RPLElementosSeccionTableViewController.h; sourceTree = "<group>"; };
		57CF9D9C1A920948002BA5D6 /* RPLElementosSeccionTableViewController.m */ = {isa = PBXFileReference; fileEncoding = 4; lastKnownFileType = sourcecode.c.objc; path = RPLElementosSeccionTableViewController.m; sourceTree = "<group>"; };
		57CF9D9D1A920948002BA5D6 /* RPLElementosSeccionTableViewController.xib */ = {isa = PBXFileReference; fileEncoding = 4; lastKnownFileType = file.xib; path = RPLElementosSeccionTableViewController.xib; sourceTree = "<group>"; };
		57CF9DA31A9213BC002BA5D6 /* Model.xcdatamodel */ = {isa = PBXFileReference; lastKnownFileType = wrapper.xcdatamodel; path = Model.xcdatamodel; sourceTree = "<group>"; };
		57CF9DA91A921A01002BA5D6 /* RPLPayTableViewController.h */ = {isa = PBXFileReference; fileEncoding = 4; lastKnownFileType = sourcecode.c.h; path = RPLPayTableViewController.h; sourceTree = "<group>"; };
		57CF9DAA1A921A01002BA5D6 /* RPLPayTableViewController.m */ = {isa = PBXFileReference; fileEncoding = 4; lastKnownFileType = sourcecode.c.objc; path = RPLPayTableViewController.m; sourceTree = "<group>"; };
		57CF9DAB1A921A01002BA5D6 /* RPLPayTableViewController.xib */ = {isa = PBXFileReference; fileEncoding = 4; lastKnownFileType = file.xib; path = RPLPayTableViewController.xib; sourceTree = "<group>"; };
		57DBC2601A926397000B7014 /* _RPLElements.h */ = {isa = PBXFileReference; fileEncoding = 4; lastKnownFileType = sourcecode.c.h; name = _RPLElements.h; path = StockPro/_RPLElements.h; sourceTree = "<group>"; };
		57DBC2611A926397000B7014 /* _RPLElements.m */ = {isa = PBXFileReference; fileEncoding = 4; lastKnownFileType = sourcecode.c.objc; name = _RPLElements.m; path = StockPro/_RPLElements.m; sourceTree = "<group>"; };
		57DBC2621A926397000B7014 /* _RPLSections.h */ = {isa = PBXFileReference; fileEncoding = 4; lastKnownFileType = sourcecode.c.h; name = _RPLSections.h; path = StockPro/_RPLSections.h; sourceTree = "<group>"; };
		57DBC2631A926397000B7014 /* _RPLSections.m */ = {isa = PBXFileReference; fileEncoding = 4; lastKnownFileType = sourcecode.c.objc; name = _RPLSections.m; path = StockPro/_RPLSections.m; sourceTree = "<group>"; };
		57DBC2641A926397000B7014 /* _RPLShoppingCart.h */ = {isa = PBXFileReference; fileEncoding = 4; lastKnownFileType = sourcecode.c.h; name = _RPLShoppingCart.h; path = StockPro/_RPLShoppingCart.h; sourceTree = "<group>"; };
		57DBC2651A926397000B7014 /* _RPLShoppingCart.m */ = {isa = PBXFileReference; fileEncoding = 4; lastKnownFileType = sourcecode.c.objc; name = _RPLShoppingCart.m; path = StockPro/_RPLShoppingCart.m; sourceTree = "<group>"; };
		57DBC2661A926397000B7014 /* RPLElements.h */ = {isa = PBXFileReference; fileEncoding = 4; lastKnownFileType = sourcecode.c.h; name = RPLElements.h; path = StockPro/RPLElements.h; sourceTree = "<group>"; };
		57DBC2671A926397000B7014 /* RPLElements.m */ = {isa = PBXFileReference; fileEncoding = 4; lastKnownFileType = sourcecode.c.objc; name = RPLElements.m; path = StockPro/RPLElements.m; sourceTree = "<group>"; };
		57DBC2681A926397000B7014 /* RPLSections.h */ = {isa = PBXFileReference; fileEncoding = 4; lastKnownFileType = sourcecode.c.h; name = RPLSections.h; path = StockPro/RPLSections.h; sourceTree = "<group>"; };
		57DBC2691A926397000B7014 /* RPLSections.m */ = {isa = PBXFileReference; fileEncoding = 4; lastKnownFileType = sourcecode.c.objc; name = RPLSections.m; path = StockPro/RPLSections.m; sourceTree = "<group>"; };
		57DBC26A1A926397000B7014 /* RPLShoppingCart.h */ = {isa = PBXFileReference; fileEncoding = 4; lastKnownFileType = sourcecode.c.h; name = RPLShoppingCart.h; path = StockPro/RPLShoppingCart.h; sourceTree = "<group>"; };
		57DBC26B1A926397000B7014 /* RPLShoppingCart.m */ = {isa = PBXFileReference; fileEncoding = 4; lastKnownFileType = sourcecode.c.objc; name = RPLShoppingCart.m; path = StockPro/RPLShoppingCart.m; sourceTree = "<group>"; };
		57EAB7851A9343D200EE74D3 /* RPLCoreDataStack.h */ = {isa = PBXFileReference; fileEncoding = 4; lastKnownFileType = sourcecode.c.h; path = RPLCoreDataStack.h; sourceTree = "<group>"; };
		57EAB7861A9343D200EE74D3 /* RPLCoreDataStack.m */ = {isa = PBXFileReference; fileEncoding = 4; lastKnownFileType = sourcecode.c.objc; path = RPLCoreDataStack.m; sourceTree = "<group>"; };
		57EAB78C1A93688B00EE74D3 /* RPLCoreDataTableViewController.h */ = {isa = PBXFileReference; fileEncoding = 4; lastKnownFileType = sourcecode.c.h; path = RPLCoreDataTableViewController.h; sourceTree = "<group>"; };
		57EAB78D1A93688B00EE74D3 /* RPLCoreDataTableViewController.m */ = {isa = PBXFileReference; fileEncoding = 4; lastKnownFileType = sourcecode.c.objc; path = RPLCoreDataTableViewController.m; sourceTree = "<group>"; };
		57EAB78F1A9378C500EE74D3 /* RPLElementTableViewCell.h */ = {isa = PBXFileReference; fileEncoding = 4; lastKnownFileType = sourcecode.c.h; path = RPLElementTableViewCell.h; sourceTree = "<group>"; };
		57EAB7901A9378C500EE74D3 /* RPLElementTableViewCell.m */ = {isa = PBXFileReference; fileEncoding = 4; lastKnownFileType = sourcecode.c.objc; path = RPLElementTableViewCell.m; sourceTree = "<group>"; };
		57EAB7911A9378C500EE74D3 /* RPLElementTableViewCell.xib */ = {isa = PBXFileReference; fileEncoding = 4; lastKnownFileType = file.xib; path = RPLElementTableViewCell.xib; sourceTree = "<group>"; };
/* End PBXFileReference section */

/* Begin PBXFrameworksBuildPhase section */
		57CF9D6F1A920883002BA5D6 /* Frameworks */ = {
			isa = PBXFrameworksBuildPhase;
			buildActionMask = 2147483647;
			files = (
			);
			runOnlyForDeploymentPostprocessing = 0;
		};
		57CF9D821A920883002BA5D6 /* Frameworks */ = {
			isa = PBXFrameworksBuildPhase;
			buildActionMask = 2147483647;
			files = (
			);
			runOnlyForDeploymentPostprocessing = 0;
		};
/* End PBXFrameworksBuildPhase section */

/* Begin PBXGroup section */
		57625EF11A94912900D88DEE /* ViewSeccionsPersonalCell */ = {
			isa = PBXGroup;
			children = (
				57625EF21A9495B300D88DEE /* RPLSectionTableViewCell.h */,
				57625EF31A9495B300D88DEE /* RPLSectionTableViewCell.m */,
				57625EF41A9495B300D88DEE /* RPLSectionTableViewCell.xib */,
			);
			name = ViewSeccionsPersonalCell;
			sourceTree = "<group>";
		};
		579A01AA1A9606D700675D8B /* ViewShoppingCart */ = {
			isa = PBXGroup;
			children = (
				579A01A51A95EF5100675D8B /* RPLShoppingCartTableViewCell.h */,
				579A01A61A95EF5100675D8B /* RPLShoppingCartTableViewCell.m */,
				579A01A71A95EF5100675D8B /* RPLShoppingCartTableViewCell.xib */,
			);
			name = ViewShoppingCart;
			sourceTree = "<group>";
		};
		57CF9D691A920883002BA5D6 = {
			isa = PBXGroup;
			children = (
				57CF9D741A920883002BA5D6 /* StockPro */,
				57CF9D881A920883002BA5D6 /* StockProTests */,
				57CF9D731A920883002BA5D6 /* Products */,
			);
			sourceTree = "<group>";
		};
		57CF9D731A920883002BA5D6 /* Products */ = {
			isa = PBXGroup;
			children = (
				57CF9D721A920883002BA5D6 /* StockPro.app */,
				57CF9D851A920883002BA5D6 /* StockProTests.xctest */,
			);
			name = Products;
			sourceTree = "<group>";
		};
		57CF9D741A920883002BA5D6 /* StockPro */ = {
			isa = PBXGroup;
			children = (
				57EAB7951A937B0300EE74D3 /* Views */,
				57DBC2721A9263A0000B7014 /* Models */,
				57CF9D9A1A9208FF002BA5D6 /* Controllers */,
				57CF9D791A920883002BA5D6 /* AppDelegate.h */,
				57CF9D7A1A920883002BA5D6 /* AppDelegate.m */,
				57CF9DAF1A922E1C002BA5D6 /* CoreData */,
				57CF9D7C1A920883002BA5D6 /* Images.xcassets */,
				57CF9D7E1A920883002BA5D6 /* LaunchScreen.xib */,
				57CF9D751A920883002BA5D6 /* Supporting Files */,
			);
			path = StockPro;
			sourceTree = "<group>";
		};
		57CF9D751A920883002BA5D6 /* Supporting Files */ = {
			isa = PBXGroup;
			children = (
				57CF9D761A920883002BA5D6 /* Info.plist */,
				57CF9D771A920883002BA5D6 /* main.m */,
			);
			name = "Supporting Files";
			sourceTree = "<group>";
		};
		57CF9D881A920883002BA5D6 /* StockProTests */ = {
			isa = PBXGroup;
			children = (
				57CF9D8B1A920883002BA5D6 /* StockProTests.m */,
				57CF9D891A920883002BA5D6 /* Supporting Files */,
			);
			path = StockProTests;
			sourceTree = "<group>";
		};
		57CF9D891A920883002BA5D6 /* Supporting Files */ = {
			isa = PBXGroup;
			children = (
				57CF9D8A1A920883002BA5D6 /* Info.plist */,
			);
			name = "Supporting Files";
			sourceTree = "<group>";
		};
		57CF9D9A1A9208FF002BA5D6 /* Controllers */ = {
			isa = PBXGroup;
			children = (
				57EAB78B1A935E4400EE74D3 /* CoreData */,
				57CF9DAE1A921A07002BA5D6 /* ShoppingCart */,
				57CF9DA01A921050002BA5D6 /* ElementosSecciones */,
				57CF9DA11A921067002BA5D6 /* Secciones */,
			);
			name = Controllers;
			sourceTree = "<group>";
		};
		57CF9DA01A921050002BA5D6 /* ElementosSecciones */ = {
			isa = PBXGroup;
			children = (
				57CF9D9B1A920948002BA5D6 /* RPLElementosSeccionTableViewController.h */,
				57CF9D9C1A920948002BA5D6 /* RPLElementosSeccionTableViewController.m */,
				57CF9D9D1A920948002BA5D6 /* RPLElementosSeccionTableViewController.xib */,
			);
			name = ElementosSecciones;
			sourceTree = "<group>";
		};
		57CF9DA11A921067002BA5D6 /* Secciones */ = {
			isa = PBXGroup;
			children = (
				57CF9D951A9208FA002BA5D6 /* RPLSectionTableViewController.h */,
				57CF9D961A9208FA002BA5D6 /* RPLSectionTableViewController.m */,
				57CF9D971A9208FA002BA5D6 /* RPLSectionTableViewController.xib */,
			);
			name = Secciones;
			sourceTree = "<group>";
		};
		57CF9DAE1A921A07002BA5D6 /* ShoppingCart */ = {
			isa = PBXGroup;
			children = (
				57CF9DA91A921A01002BA5D6 /* RPLPayTableViewController.h */,
				57CF9DAA1A921A01002BA5D6 /* RPLPayTableViewController.m */,
				57CF9DAB1A921A01002BA5D6 /* RPLPayTableViewController.xib */,
			);
			name = ShoppingCart;
			sourceTree = "<group>";
		};
		57CF9DAF1A922E1C002BA5D6 /* CoreData */ = {
			isa = PBXGroup;
			children = (
				57EAB7851A9343D200EE74D3 /* RPLCoreDataStack.h */,
				57EAB7861A9343D200EE74D3 /* RPLCoreDataStack.m */,
			);
			name = CoreData;
			sourceTree = "<group>";
		};
		57DBC2721A9263A0000B7014 /* Models */ = {
			isa = PBXGroup;
			children = (
				57DBC2731A9263B8000B7014 /* Machine */,
				57DBC2661A926397000B7014 /* RPLElements.h */,
				57DBC2671A926397000B7014 /* RPLElements.m */,
				57DBC2681A926397000B7014 /* RPLSections.h */,
				57DBC2691A926397000B7014 /* RPLSections.m */,
				57DBC26A1A926397000B7014 /* RPLShoppingCart.h */,
				57DBC26B1A926397000B7014 /* RPLShoppingCart.m */,
				57CF9DA21A9213BC002BA5D6 /* Model.xcdatamodeld */,
			);
			name = Models;
			path = ..;
			sourceTree = "<group>";
		};
		57DBC2731A9263B8000B7014 /* Machine */ = {
			isa = PBXGroup;
			children = (
				57DBC2601A926397000B7014 /* _RPLElements.h */,
				57DBC2611A926397000B7014 /* _RPLElements.m */,
				57DBC2621A926397000B7014 /* _RPLSections.h */,
				57DBC2631A926397000B7014 /* _RPLSections.m */,
				57DBC2641A926397000B7014 /* _RPLShoppingCart.h */,
				57DBC2651A926397000B7014 /* _RPLShoppingCart.m */,
			);
			name = Machine;
			sourceTree = "<group>";
		};
		57EAB78B1A935E4400EE74D3 /* CoreData */ = {
			isa = PBXGroup;
			children = (
				57EAB78C1A93688B00EE74D3 /* RPLCoreDataTableViewController.h */,
				57EAB78D1A93688B00EE74D3 /* RPLCoreDataTableViewController.m */,
			);
			name = CoreData;
			sourceTree = "<group>";
		};
		57EAB7941A9378CD00EE74D3 /* ViewElementsPersonalCell */ = {
			isa = PBXGroup;
			children = (
				57EAB7911A9378C500EE74D3 /* RPLElementTableViewCell.xib */,
				57EAB78F1A9378C500EE74D3 /* RPLElementTableViewCell.h */,
				57EAB7901A9378C500EE74D3 /* RPLElementTableViewCell.m */,
				579A01AA1A9606D700675D8B /* ViewShoppingCart */,
			);
			name = ViewElementsPersonalCell;
			sourceTree = "<group>";
		};
		57EAB7951A937B0300EE74D3 /* Views */ = {
			isa = PBXGroup;
			children = (
				57EAB7941A9378CD00EE74D3 /* ViewElementsPersonalCell */,
				57625EF11A94912900D88DEE /* ViewSeccionsPersonalCell */,
			);
			name = Views;
			sourceTree = "<group>";
		};
/* End PBXGroup section */

/* Begin PBXNativeTarget section */
		57CF9D711A920883002BA5D6 /* StockPro */ = {
			isa = PBXNativeTarget;
			buildConfigurationList = 57CF9D8F1A920883002BA5D6 /* Build configuration list for PBXNativeTarget "StockPro" */;
			buildPhases = (
				57CF9D6E1A920883002BA5D6 /* Sources */,
				57CF9D6F1A920883002BA5D6 /* Frameworks */,
				57CF9D701A920883002BA5D6 /* Resources */,
			);
			buildRules = (
			);
			dependencies = (
			);
			name = StockPro;
			productName = StockPro;
			productReference = 57CF9D721A920883002BA5D6 /* StockPro.app */;
			productType = "com.apple.product-type.application";
		};
		57CF9D841A920883002BA5D6 /* StockProTests */ = {
			isa = PBXNativeTarget;
			buildConfigurationList = 57CF9D921A920883002BA5D6 /* Build configuration list for PBXNativeTarget "StockProTests" */;
			buildPhases = (
				57CF9D811A920883002BA5D6 /* Sources */,
				57CF9D821A920883002BA5D6 /* Frameworks */,
				57CF9D831A920883002BA5D6 /* Resources */,
			);
			buildRules = (
			);
			dependencies = (
				57CF9D871A920883002BA5D6 /* PBXTargetDependency */,
			);
			name = StockProTests;
			productName = StockProTests;
			productReference = 57CF9D851A920883002BA5D6 /* StockProTests.xctest */;
			productType = "com.apple.product-type.bundle.unit-test";
		};
/* End PBXNativeTarget section */

/* Begin PBXProject section */
		57CF9D6A1A920883002BA5D6 /* Project object */ = {
			isa = PBXProject;
			attributes = {
				LastUpgradeCheck = 0610;
				ORGANIZATIONNAME = "Raul Pedraza";
				TargetAttributes = {
					57CF9D711A920883002BA5D6 = {
						CreatedOnToolsVersion = 6.1.1;
					};
					57CF9D841A920883002BA5D6 = {
						CreatedOnToolsVersion = 6.1.1;
						TestTargetID = 57CF9D711A920883002BA5D6;
					};
				};
			};
			buildConfigurationList = 57CF9D6D1A920883002BA5D6 /* Build configuration list for PBXProject "StockPro" */;
			compatibilityVersion = "Xcode 3.2";
			developmentRegion = English;
			hasScannedForEncodings = 0;
			knownRegions = (
				en,
				Base,
			);
			mainGroup = 57CF9D691A920883002BA5D6;
			productRefGroup = 57CF9D731A920883002BA5D6 /* Products */;
			projectDirPath = "";
			projectRoot = "";
			targets = (
				57CF9D711A920883002BA5D6 /* StockPro */,
				57CF9D841A920883002BA5D6 /* StockProTests */,
			);
		};
/* End PBXProject section */

/* Begin PBXResourcesBuildPhase section */
		57CF9D701A920883002BA5D6 /* Resources */ = {
			isa = PBXResourcesBuildPhase;
			buildActionMask = 2147483647;
			files = (
				579A01A91A95EF5100675D8B /* RPLShoppingCartTableViewCell.xib in Resources */,
				57CF9D9F1A920948002BA5D6 /* RPLElementosSeccionTableViewController.xib in Resources */,
				57CF9D801A920883002BA5D6 /* LaunchScreen.xib in Resources */,
				57CF9DAD1A921A01002BA5D6 /* RPLPayTableViewController.xib in Resources */,
				57625EF61A9495B300D88DEE /* RPLSectionTableViewCell.xib in Resources */,
				57CF9D991A9208FA002BA5D6 /* RPLSectionTableViewController.xib in Resources */,
				57CF9D7D1A920883002BA5D6 /* Images.xcassets in Resources */,
				57EAB7931A9378C500EE74D3 /* RPLElementTableViewCell.xib in Resources */,
			);
			runOnlyForDeploymentPostprocessing = 0;
		};
		57CF9D831A920883002BA5D6 /* Resources */ = {
			isa = PBXResourcesBuildPhase;
			buildActionMask = 2147483647;
			files = (
			);
			runOnlyForDeploymentPostprocessing = 0;
		};
/* End PBXResourcesBuildPhase section */

/* Begin PBXSourcesBuildPhase section */
		57CF9D6E1A920883002BA5D6 /* Sources */ = {
			isa = PBXSourcesBuildPhase;
			buildActionMask = 2147483647;
			files = (
				57DBC2711A926397000B7014 /* RPLShoppingCart.m in Sources */,
				579A01A81A95EF5100675D8B /* RPLShoppingCartTableViewCell.m in Sources */,
				57CF9D9E1A920948002BA5D6 /* RPLElementosSeccionTableViewController.m in Sources */,
				57EAB78E1A93688B00EE74D3 /* RPLCoreDataTableViewController.m in Sources */,
				57CF9DAC1A921A01002BA5D6 /* RPLPayTableViewController.m in Sources */,
				57DBC26E1A926397000B7014 /* _RPLShoppingCart.m in Sources */,
				57CF9D7B1A920883002BA5D6 /* AppDelegate.m in Sources */,
				57DBC26C1A926397000B7014 /* _RPLElements.m in Sources */,
				57DBC26F1A926397000B7014 /* RPLElements.m in Sources */,
				57DBC2701A926397000B7014 /* RPLSections.m in Sources */,
				57CF9D981A9208FA002BA5D6 /* RPLSectionTableViewController.m in Sources */,
				57625EF51A9495B300D88DEE /* RPLSectionTableViewCell.m in Sources */,
				57CF9D781A920883002BA5D6 /* main.m in Sources */,
				57EAB7871A9343D200EE74D3 /* RPLCoreDataStack.m in Sources */,
				57EAB7921A9378C500EE74D3 /* RPLElementTableViewCell.m in Sources */,
				57DBC26D1A926397000B7014 /* _RPLSections.m in Sources */,
				57CF9DA41A9213BC002BA5D6 /* Model.xcdatamodeld in Sources */,
			);
			runOnlyForDeploymentPostprocessing = 0;
		};
		57CF9D811A920883002BA5D6 /* Sources */ = {
			isa = PBXSourcesBuildPhase;
			buildActionMask = 2147483647;
			files = (
				57CF9D8C1A920883002BA5D6 /* StockProTests.m in Sources */,
			);
			runOnlyForDeploymentPostprocessing = 0;
		};
/* End PBXSourcesBuildPhase section */

/* Begin PBXTargetDependency section */
		57CF9D871A920883002BA5D6 /* PBXTargetDependency */ = {
			isa = PBXTargetDependency;
			target = 57CF9D711A920883002BA5D6 /* StockPro */;
			targetProxy = 57CF9D861A920883002BA5D6 /* PBXContainerItemProxy */;
		};
/* End PBXTargetDependency section */

/* Begin PBXVariantGroup section */
		57CF9D7E1A920883002BA5D6 /* LaunchScreen.xib */ = {
			isa = PBXVariantGroup;
			children = (
				57CF9D7F1A920883002BA5D6 /* Base */,
			);
			name = LaunchScreen.xib;
			sourceTree = "<group>";
		};
/* End PBXVariantGroup section */

/* Begin XCBuildConfiguration section */
		57CF9D8D1A920883002BA5D6 /* Debug */ = {
			isa = XCBuildConfiguration;
			buildSettings = {
				ALWAYS_SEARCH_USER_PATHS = NO;
				CLANG_CXX_LANGUAGE_STANDARD = "gnu++0x";
				CLANG_CXX_LIBRARY = "libc++";
				CLANG_ENABLE_MODULES = YES;
				CLANG_ENABLE_OBJC_ARC = YES;
				CLANG_WARN_BOOL_CONVERSION = YES;
				CLANG_WARN_CONSTANT_CONVERSION = YES;
				CLANG_WARN_DIRECT_OBJC_ISA_USAGE = YES_ERROR;
				CLANG_WARN_EMPTY_BODY = YES;
				CLANG_WARN_ENUM_CONVERSION = YES;
				CLANG_WARN_INT_CONVERSION = YES;
				CLANG_WARN_OBJC_ROOT_CLASS = YES_ERROR;
				CLANG_WARN_UNREACHABLE_CODE = YES;
				CLANG_WARN__DUPLICATE_METHOD_MATCH = YES;
				"CODE_SIGN_IDENTITY[sdk=iphoneos*]" = "iPhone Developer";
				COPY_PHASE_STRIP = NO;
				ENABLE_STRICT_OBJC_MSGSEND = YES;
				GCC_C_LANGUAGE_STANDARD = gnu99;
				GCC_DYNAMIC_NO_PIC = NO;
				GCC_OPTIMIZATION_LEVEL = 0;
				GCC_PREPROCESSOR_DEFINITIONS = (
					"DEBUG=1",
					"$(inherited)",
				);
				GCC_SYMBOLS_PRIVATE_EXTERN = NO;
				GCC_WARN_64_TO_32_BIT_CONVERSION = YES;
				GCC_WARN_ABOUT_RETURN_TYPE = YES_ERROR;
				GCC_WARN_UNDECLARED_SELECTOR = YES;
				GCC_WARN_UNINITIALIZED_AUTOS = YES_AGGRESSIVE;
				GCC_WARN_UNUSED_FUNCTION = YES;
				GCC_WARN_UNUSED_VARIABLE = YES;
				IPHONEOS_DEPLOYMENT_TARGET = 8.1;
				MTL_ENABLE_DEBUG_INFO = YES;
				ONLY_ACTIVE_ARCH = YES;
				SDKROOT = iphoneos;
				TARGETED_DEVICE_FAMILY = "1,2";
			};
			name = Debug;
		};
		57CF9D8E1A920883002BA5D6 /* Release */ = {
			isa = XCBuildConfiguration;
			buildSettings = {
				ALWAYS_SEARCH_USER_PATHS = NO;
				CLANG_CXX_LANGUAGE_STANDARD = "gnu++0x";
				CLANG_CXX_LIBRARY = "libc++";
				CLANG_ENABLE_MODULES = YES;
				CLANG_ENABLE_OBJC_ARC = YES;
				CLANG_WARN_BOOL_CONVERSION = YES;
				CLANG_WARN_CONSTANT_CONVERSION = YES;
				CLANG_WARN_DIRECT_OBJC_ISA_USAGE = YES_ERROR;
				CLANG_WARN_EMPTY_BODY = YES;
				CLANG_WARN_ENUM_CONVERSION = YES;
				CLANG_WARN_INT_CONVERSION = YES;
				CLANG_WARN_OBJC_ROOT_CLASS = YES_ERROR;
				CLANG_WARN_UNREACHABLE_CODE = YES;
				CLANG_WARN__DUPLICATE_METHOD_MATCH = YES;
				"CODE_SIGN_IDENTITY[sdk=iphoneos*]" = "iPhone Developer";
				COPY_PHASE_STRIP = YES;
				ENABLE_NS_ASSERTIONS = NO;
				ENABLE_STRICT_OBJC_MSGSEND = YES;
				GCC_C_LANGUAGE_STANDARD = gnu99;
				GCC_WARN_64_TO_32_BIT_CONVERSION = YES;
				GCC_WARN_ABOUT_RETURN_TYPE = YES_ERROR;
				GCC_WARN_UNDECLARED_SELECTOR = YES;
				GCC_WARN_UNINITIALIZED_AUTOS = YES_AGGRESSIVE;
				GCC_WARN_UNUSED_FUNCTION = YES;
				GCC_WARN_UNUSED_VARIABLE = YES;
				IPHONEOS_DEPLOYMENT_TARGET = 8.1;
				MTL_ENABLE_DEBUG_INFO = NO;
				SDKROOT = iphoneos;
				TARGETED_DEVICE_FAMILY = "1,2";
				VALIDATE_PRODUCT = YES;
			};
			name = Release;
		};
		57CF9D901A920883002BA5D6 /* Debug */ = {
			isa = XCBuildConfiguration;
			buildSettings = {
				ASSETCATALOG_COMPILER_APPICON_NAME = AppIcon;
				INFOPLIST_FILE = StockPro/Info.plist;
				LD_RUNPATH_SEARCH_PATHS = "$(inherited) @executable_path/Frameworks";
				PRODUCT_NAME = "$(TARGET_NAME)";
			};
			name = Debug;
		};
		57CF9D911A920883002BA5D6 /* Release */ = {
			isa = XCBuildConfiguration;
			buildSettings = {
				ASSETCATALOG_COMPILER_APPICON_NAME = AppIcon;
				INFOPLIST_FILE = StockPro/Info.plist;
				LD_RUNPATH_SEARCH_PATHS = "$(inherited) @executable_path/Frameworks";
				PRODUCT_NAME = "$(TARGET_NAME)";
			};
			name = Release;
		};
		57CF9D931A920883002BA5D6 /* Debug */ = {
			isa = XCBuildConfiguration;
			buildSettings = {
				BUNDLE_LOADER = "$(TEST_HOST)";
				FRAMEWORK_SEARCH_PATHS = (
					"$(SDKROOT)/Developer/Library/Frameworks",
					"$(inherited)",
				);
				GCC_PREPROCESSOR_DEFINITIONS = (
					"DEBUG=1",
					"$(inherited)",
				);
				INFOPLIST_FILE = StockProTests/Info.plist;
				LD_RUNPATH_SEARCH_PATHS = "$(inherited) @executable_path/Frameworks @loader_path/Frameworks";
				PRODUCT_NAME = "$(TARGET_NAME)";
				TEST_HOST = "$(BUILT_PRODUCTS_DIR)/StockPro.app/StockPro";
			};
			name = Debug;
		};
		57CF9D941A920883002BA5D6 /* Release */ = {
			isa = XCBuildConfiguration;
			buildSettings = {
				BUNDLE_LOADER = "$(TEST_HOST)";
				FRAMEWORK_SEARCH_PATHS = (
					"$(SDKROOT)/Developer/Library/Frameworks",
					"$(inherited)",
				);
				INFOPLIST_FILE = StockProTests/Info.plist;
				LD_RUNPATH_SEARCH_PATHS = "$(inherited) @executable_path/Frameworks @loader_path/Frameworks";
				PRODUCT_NAME = "$(TARGET_NAME)";
				TEST_HOST = "$(BUILT_PRODUCTS_DIR)/StockPro.app/StockPro";
			};
			name = Release;
		};
/* End XCBuildConfiguration section */

/* Begin XCConfigurationList section */
		57CF9D6D1A920883002BA5D6 /* Build configuration list for PBXProject "StockPro" */ = {
			isa = XCConfigurationList;
			buildConfigurations = (
				57CF9D8D1A920883002BA5D6 /* Debug */,
				57CF9D8E1A920883002BA5D6 /* Release */,
			);
			defaultConfigurationIsVisible = 0;
			defaultConfigurationName = Release;
		};
		57CF9D8F1A920883002BA5D6 /* Build configuration list for PBXNativeTarget "StockPro" */ = {
			isa = XCConfigurationList;
			buildConfigurations = (
				57CF9D901A920883002BA5D6 /* Debug */,
				57CF9D911A920883002BA5D6 /* Release */,
			);
			defaultConfigurationIsVisible = 0;
			defaultConfigurationName = Release;
		};
		57CF9D921A920883002BA5D6 /* Build configuration list for PBXNativeTarget "StockProTests" */ = {
			isa = XCConfigurationList;
			buildConfigurations = (
				57CF9D931A920883002BA5D6 /* Debug */,
				57CF9D941A920883002BA5D6 /* Release */,
			);
			defaultConfigurationIsVisible = 0;
			defaultConfigurationName = Release;
		};
/* End XCConfigurationList section */

/* Begin XCVersionGroup section */
		57CF9DA21A9213BC002BA5D6 /* Model.xcdatamodeld */ = {
			isa = XCVersionGroup;
			children = (
				57CF9DA31A9213BC002BA5D6 /* Model.xcdatamodel */,
			);
			currentVersion = 57CF9DA31A9213BC002BA5D6 /* Model.xcdatamodel */;
			name = Model.xcdatamodeld;
			path = StockPro/Model.xcdatamodeld;
			sourceTree = "<group>";
			versionGroupType = wrapper.xcdatamodel;
		};
/* End XCVersionGroup section */
	};
	rootObject = 57CF9D6A1A920883002BA5D6 /* Project object */;
}
